{
  "dependencies": {
    "kurento-client": {
      "version": "6.4.0",
      "resolved": "https://registry.npmjs.org/kurento-client/-/kurento-client-6.4.0.tgz",
      "from": "kurento-client@6.4.0",
      "dependencies": {
        "async": {
          "version": "1.2.1",
          "resolved": "https://registry.npmjs.org/async/-/async-1.2.1.tgz",
          "from": "async@1.2.1"
        },
        "checktype": {
          "version": "0.0.7",
          "resolved": "https://registry.npmjs.org/checktype/-/checktype-0.0.7.tgz",
          "from": "checktype@0.0.7"
        },
        "dockerode": {
          "version": "2.2.6",
          "resolved": "https://registry.npmjs.org/dockerode/-/dockerode-2.2.6.tgz",
          "from": "dockerode@2.2.6",
          "dependencies": {
            "docker-modem": {
              "version": "0.2.8",
              "resolved": "https://registry.npmjs.org/docker-modem/-/docker-modem-0.2.8.tgz",
              "from": "docker-modem@0.2.8",
              "dependencies": {
                "JSONStream": {
                  "version": "0.10.0",
                  "resolved": "https://registry.npmjs.org/JSONStream/-/JSONStream-0.10.0.tgz",
                  "from": "JSONStream@0.10.0",
                  "dependencies": {
                    "jsonparse": {
                      "version": "0.0.5",
                      "resolved": "https://registry.npmjs.org/jsonparse/-/jsonparse-0.0.5.tgz",
                      "from": "jsonparse@0.0.5"
                    },
                    "through": {
                      "version": "2.3.8",
                      "resolved": "https://registry.npmjs.org/through/-/through-2.3.8.tgz",
                      "from": "through@2.3.8"
                    }
                  }
                },
                "debug": {
                  "version": "0.7.4",
                  "resolved": "https://registry.npmjs.org/debug/-/debug-0.7.4.tgz",
                  "from": "debug@0.7.4"
                },
                "follow-redirects": {
                  "version": "0.0.3",
                  "resolved": "https://registry.npmjs.org/follow-redirects/-/follow-redirects-0.0.3.tgz",
                  "from": "follow-redirects@0.0.3",
                  "dependencies": {
                    "underscore": {
                      "version": "1.8.3",
                      "resolved": "https://registry.npmjs.org/underscore/-/underscore-1.8.3.tgz",
                      "from": "underscore@1.8.3"
                    }
                  }
                },
                "querystring": {
                  "version": "0.2.0",
                  "resolved": "https://registry.npmjs.org/querystring/-/querystring-0.2.0.tgz",
                  "from": "querystring@0.2.0"
                },
                "readable-stream": {
                  "version": "1.0.33",
                  "resolved": "https://registry.npmjs.org/readable-stream/-/readable-stream-1.0.33.tgz",
                  "from": "readable-stream@1.0.33",
                  "dependencies": {
                    "core-util-is": {
                      "version": "1.0.2",
                      "resolved": "https://registry.npmjs.org/core-util-is/-/core-util-is-1.0.2.tgz",
                      "from": "core-util-is@1.0.2"
                    },
                    "isarray": {
                      "version": "0.0.1",
                      "resolved": "https://registry.npmjs.org/isarray/-/isarray-0.0.1.tgz",
                      "from": "isarray@0.0.1"
                    },
                    "string_decoder": {
                      "version": "0.10.31",
                      "resolved": "https://registry.npmjs.org/string_decoder/-/string_decoder-0.10.31.tgz",
                      "from": "string_decoder@0.10.31"
                    }
                  }
                },
                "split-ca": {
                  "version": "1.0.1",
                  "resolved": "https://registry.npmjs.org/split-ca/-/split-ca-1.0.1.tgz",
                  "from": "split-ca@1.0.1"
                }
              }
            }
          }
        },
        "error-tojson": {
          "version": "0.0.1",
          "resolved": "https://registry.npmjs.org/error-tojson/-/error-tojson-0.0.1.tgz",
          "from": "error-tojson@0.0.1"
        },
        "es6-promise": {
          "version": "2.3.0",
          "resolved": "https://registry.npmjs.org/es6-promise/-/es6-promise-2.3.0.tgz",
          "from": "es6-promise@2.3.0"
        },
        "extend": {
          "version": "2.0.1",
          "resolved": "https://registry.npmjs.org/extend/-/extend-2.0.1.tgz",
          "from": "extend@2.0.1"
        },
        "inherits": {
          "version": "2.0.1",
          "resolved": "https://registry.npmjs.org/inherits/-/inherits-2.0.1.tgz",
          "from": "inherits@2.0.1"
        },
        "kurento-client-core": {
          "version": "6.4.0",
          "resolved": "https://registry.npmjs.org/kurento-client-core/-/kurento-client-core-6.4.0.tgz",
          "from": "kurento-client-core@6.4.0"
        },
        "kurento-client-elements": {
          "version": "6.4.0",
          "resolved": "https://registry.npmjs.org/kurento-client-elements/-/kurento-client-elements-6.4.0.tgz",
          "from": "kurento-client-elements@6.4.0"
        },
        "kurento-client-filters": {
          "version": "6.4.0",
          "resolved": "https://registry.npmjs.org/kurento-client-filters/-/kurento-client-filters-6.4.0.tgz",
          "from": "kurento-client-filters@6.4.0"
        },
        "kurento-jsonrpc": {
          "version": "5.1.1",
          "resolved": "https://registry.npmjs.org/kurento-jsonrpc/-/kurento-jsonrpc-5.1.1.tgz",
          "from": "kurento-jsonrpc@5.1.1",
          "dependencies": {
            "sockjs-client": {
              "version": "1.0.3",
              "resolved": "https://registry.npmjs.org/sockjs-client/-/sockjs-client-1.0.3.tgz",
              "from": "sockjs-client@1.0.3",
              "dependencies": {
                "debug": {
                  "version": "2.2.0",
                  "resolved": "https://registry.npmjs.org/debug/-/debug-2.2.0.tgz",
                  "from": "debug@2.2.0",
                  "dependencies": {
                    "ms": {
                      "version": "0.7.1",
                      "resolved": "https://registry.npmjs.org/ms/-/ms-0.7.1.tgz",
                      "from": "ms@0.7.1"
                    }
                  }
                },
                "eventsource": {
                  "version": "0.1.6",
                  "resolved": "https://registry.npmjs.org/eventsource/-/eventsource-0.1.6.tgz",
                  "from": "eventsource@0.1.6",
                  "dependencies": {
                    "original": {
                      "version": "1.0.0",
                      "resolved": "https://registry.npmjs.org/original/-/original-1.0.0.tgz",
                      "from": "original@1.0.0"
                    }
                  }
                },
                "faye-websocket": {
                  "version": "0.7.3",
                  "resolved": "https://registry.npmjs.org/faye-websocket/-/faye-websocket-0.7.3.tgz",
                  "from": "faye-websocket@0.7.3",
                  "dependencies": {
                    "websocket-driver": {
                      "version": "0.6.4",
                      "resolved": "https://registry.npmjs.org/websocket-driver/-/websocket-driver-0.6.4.tgz",
                      "from": "websocket-driver@0.6.4",
                      "dependencies": {
                        "websocket-extensions": {
                          "version": "0.1.1",
                          "resolved": "https://registry.npmjs.org/websocket-extensions/-/websocket-extensions-0.1.1.tgz",
                          "from": "websocket-extensions@0.1.1"
                        }
                      }
                    }
                  }
                },
                "json3": {
                  "version": "3.3.2",
                  "resolved": "https://registry.npmjs.org/json3/-/json3-3.3.2.tgz",
                  "from": "json3@3.3.2"
                },
                "url-parse": {
                  "version": "1.0.5",
                  "resolved": "https://registry.npmjs.org/url-parse/-/url-parse-1.0.5.tgz",
                  "from": "url-parse@1.0.5",
                  "dependencies": {
                    "querystringify": {
                      "version": "0.0.3",
                      "resolved": "https://registry.npmjs.org/querystringify/-/querystringify-0.0.3.tgz",
                      "from": "querystringify@0.0.3"
                    },
                    "requires-port": {
                      "version": "1.0.0",
                      "resolved": "https://registry.npmjs.org/requires-port/-/requires-port-1.0.0.tgz",
                      "from": "requires-port@1.0.0"
                    }
                  }
                }
              }
            },
            "ws": {
              "version": "0.4.32",
              "resolved": "https://registry.npmjs.org/ws/-/ws-0.4.32.tgz",
              "from": "ws@0.4.32",
              "dependencies": {
                "commander": {
                  "version": "2.1.0",
                  "resolved": "https://registry.npmjs.org/commander/-/commander-2.1.0.tgz",
                  "from": "commander@2.1.0"
                },
                "nan": {
                  "version": "1.0.0",
                  "resolved": "https://registry.npmjs.org/nan/-/nan-1.0.0.tgz",
                  "from": "nan@1.0.0"
                },
                "options": {
                  "version": "0.0.6",
                  "resolved": "https://registry.npmjs.org/options/-/options-0.0.6.tgz",
                  "from": "options@0.0.6"
                },
                "tinycolor": {
                  "version": "0.0.1",
                  "resolved": "https://registry.npmjs.org/tinycolor/-/tinycolor-0.0.1.tgz",
                  "from": "tinycolor@0.0.1"
                }
              }
            }
          }
        },
        "minimist": {
          "version": "1.2.0",
          "resolved": "https://registry.npmjs.org/minimist/-/minimist-1.2.0.tgz",
          "from": "minimist@1.2.0"
        },
        "promisecallback": {
          "version": "0.0.4",
          "resolved": "https://registry.npmjs.org/promisecallback/-/promisecallback-0.0.4.tgz",
          "from": "promisecallback@0.0.4"
        },
        "reconnect-ws": {
          "version": "0.0.0",
          "resolved": "git://github.com/KurentoForks/reconnect-ws.git#7fb7020e3ca1ffeaaa8bb4ddd690cf28c8d02a2b",
          "from": "git://github.com/KurentoForks/reconnect-ws.git#7fb7020e3ca1ffeaaa8bb4ddd690cf28c8d02a2b",
          "dependencies": {
            "reconnect-core": {
              "version": "1.0.0",
              "resolved": "git+https://github.com/KurentoForks/reconnect-core.git#921d43e91578abb2fb2613f585c010c1939cf734",
              "from": "git+https://github.com/KurentoForks/reconnect-core.git#921d43e91578abb2fb2613f585c010c1939cf734",
              "dependencies": {
                "backoff": {
                  "version": "2.3.0",
                  "resolved": "https://registry.npmjs.org/backoff/-/backoff-2.3.0.tgz",
                  "from": "backoff@2.3.0"
                }
              }
            },
            "websocket-stream": {
              "version": "0.5.1",
              "resolved": "https://registry.npmjs.org/websocket-stream/-/websocket-stream-0.5.1.tgz",
              "from": "websocket-stream@0.5.1",
              "dependencies": {
                "isbuffer": {
                  "version": "0.0.0",
                  "resolved": "https://registry.npmjs.org/isbuffer/-/isbuffer-0.0.0.tgz",
                  "from": "isbuffer@0.0.0"
                },
                "through": {
                  "version": "2.3.8",
                  "resolved": "https://registry.npmjs.org/through/-/through-2.3.8.tgz",
                  "from": "through@2.3.8"
                },
                "ws": {
                  "version": "0.4.32",
                  "resolved": "https://registry.npmjs.org/ws/-/ws-0.4.32.tgz",
                  "from": "ws@0.4.32",
                  "dependencies": {
                    "commander": {
                      "version": "2.1.0",
                      "resolved": "https://registry.npmjs.org/commander/-/commander-2.1.0.tgz",
                      "from": "commander@2.1.0"
                    },
                    "nan": {
                      "version": "1.0.0",
                      "resolved": "https://registry.npmjs.org/nan/-/nan-1.0.0.tgz",
                      "from": "nan@1.0.0"
                    },
                    "options": {
                      "version": "0.0.6",
                      "resolved": "https://registry.npmjs.org/options/-/options-0.0.6.tgz",
                      "from": "options@0.0.6"
                    },
                    "tinycolor": {
                      "version": "0.0.1",
                      "resolved": "https://registry.npmjs.org/tinycolor/-/tinycolor-0.0.1.tgz",
                      "from": "tinycolor@0.0.1"
                    }
                  }
                }
              }
            }
          }
        }
      }
    }
  }
}
