{
  "dependencies": {
    "kurento-client": {
      "version": "6.4.0",
      "dependencies": {
        "async": {
          "version": "1.2.1"
        },
        "checktype": {
          "version": "0.0.7"
        },
        "error-tojson": {
          "version": "0.0.1"
        },
        "es6-promise": {
          "version": "2.3.0"
        },
        "extend": {
          "version": "2.0.1"
        },
        "inherits": {
          "version": "2.0.1"
        },
        "kurento-client-core": {
          "version": "6.4.0"
        },
        "kurento-client-elements": {
          "version": "6.4.0"
        },
        "kurento-client-filters": {
          "version": "6.4.0"
        },
        "kurento-jsonrpc": {
          "version": "5.1.1",
          "dependencies": {
            "ws": {
              "version": "0.4.32",
              "dependencies": {
                "commander": {
                  "version": "2.1.0"
                },
                "nan": {
                  "version": "1.0.0"
                },
                "tinycolor": {
                  "version": "0.0.1"
                },
                "options": {
                  "version": "0.0.6"
                }
              }
            },
            "sockjs-client": {
              "version": "1.0.3",
              "dependencies": {
                "debug": {
                  "version": "2.2.0",
                  "dependencies": {
                    "ms": {
                      "version": "0.7.1"
                    }
                  }
                },
                "eventsource": {
                  "version": "0.1.6",
                  "dependencies": {
                    "original": {
                      "version": "1.0.0"
                    }
                  }
                },
                "faye-websocket": {
                  "version": "0.7.3",
                  "dependencies": {
                    "websocket-driver": {
                      "version": "0.6.4",
                      "dependencies": {
                        "websocket-extensions": {
                          "version": "0.1.1"
                        }
                      }
                    }
                  }
                },
                "json3": {
                  "version": "3.3.2"
                },
                "url-parse": {
                  "version": "1.0.5",
                  "dependencies": {
                    "querystringify": {
                      "version": "0.0.3"
                    },
                    "requires-port": {
                      "version": "1.0.0"
                    }
                  }
                }
              }
            }
          }
        },
        "promisecallback": {
          "version": "0.0.4"
        },
        "reconnect-ws": {
          "version": "git://github.com/KurentoForks/reconnect-ws#7fb7020e3ca1ffeaaa8bb4ddd690cf28c8d02a2b",
          "dependencies": {
            "reconnect-core": {
              "version": "git+https://github.com/KurentoForks/reconnect-core#921d43e91578abb2fb2613f585c010c1939cf734",
              "dependencies": {
                "backoff": {
                  "version": "2.3.0"
                }
              }
            },
            "websocket-stream": {
              "version": "0.5.1",
              "dependencies": {
                "isbuffer": {
                  "version": "0.0.0"
                },
                "ws": {
                  "version": "0.4.32",
                  "dependencies": {
                    "commander": {
                      "version": "2.1.0"
                    },
                    "nan": {
                      "version": "1.0.0"
                    },
                    "tinycolor": {
                      "version": "0.0.1"
                    },
                    "options": {
                      "version": "0.0.6"
                    }
                  }
                },
                "through": {
                  "version": "2.3.8"
                }
              }
            }
          }
        },
        "dockerode": {
          "version": "2.2.6",
          "dependencies": {
            "docker-modem": {
              "version": "0.2.8",
              "dependencies": {
                "JSONStream": {
                  "version": "0.10.0",
                  "dependencies": {
                    "jsonparse": {
                      "version": "0.0.5"
                    },
                    "through": {
                      "version": "2.3.8"
                    }
                  }
                },
                "debug": {
                  "version": "0.7.4"
                },
                "follow-redirects": {
                  "version": "0.0.3",
                  "dependencies": {
                    "underscore": {
                      "version": "1.8.3"
                    }
                  }
                },
                "querystring": {
                  "version": "0.2.0"
                },
                "readable-stream": {
                  "version": "1.0.33",
                  "dependencies": {
                    "core-util-is": {
                      "version": "1.0.2"
                    },
                    "isarray": {
                      "version": "0.0.1"
                    },
                    "string_decoder": {
                      "version": "0.10.31"
                    }
                  }
                },
                "split-ca": {
                  "version": "1.0.1"
                }
              }
            }
          }
        },
        "minimist": {
          "version": "1.2.0"
        }
      }
    }
  }
}
